PODS:
  - Flutter (1.0.0)
  - integration_test (0.0.1):
    - Flutter
  - rgb_sdk_flutter (0.1.0):
    - Flutter

DEPENDENCIES:
  - Flutter (from `Flutter`)
  - integration_test (from `.symlinks/plugins/integration_test/ios`)
  - rgb_sdk_flutter (from `.symlinks/plugins/rgb_sdk_flutter/ios`)

EXTERNAL SOURCES:
  Flutter:
    :path: Flutter
  integration_test:
    :path: ".symlinks/plugins/integration_test/ios"
  rgb_sdk_flutter:
    :path: ".symlinks/plugins/rgb_sdk_flutter/ios"

SPEC CHECKSUMS:
  Flutter: cabc95a1d2626b1b06e7179b784ebcf0c0cde467
  integration_test: 4a889634ef21a45d28d50d622cf412dc6d9f586e
  rgb_sdk_flutter: b60c2ad3559a71a391ef520927756fb81273944c

PODFILE CHECKSUM: e077659672687a1d99dae29e60c880e80b4bd453

COCOAPODS: 1.16.2
